
Microsoft Visual Studio Solution File, Format Version 12.00
# Visual Studio 2012
Project("{FAE04EC0-301F-11D3-BF4B-00C04F79EFBC}") = "TelegramLogNotifier", "TelegramLogNotifier\TelegramLogNotifier.csproj", "{EA9FB3ED-3C56-469B-804C-F1C89B36BA1D}"
EndProject
Global
	GlobalSection(SolutionConfigurationPlatforms) = preSolution
		Debug|Any CPU = Debug|Any CPU
		Release|Any CPU = Release|Any CPU
	EndGlobalSection
	GlobalSection(ProjectConfigurationPlatforms) = postSolution
		{EA9FB3ED-3C56-469B-804C-F1C89B36BA1D}.Debug|Any CPU.ActiveCfg = Debug|Any CPU
		{EA9FB3ED-3C56-469B-804C-F1C89B36BA1D}.Debug|Any CPU.Build.0 = Debug|Any CPU
		{EA9FB3ED-3C56-469B-804C-F1C89B36BA1D}.Release|Any CPU.ActiveCfg = Release|Any CPU
		{EA9FB3ED-3C56-469B-804C-F1C89B36BA1D}.Release|Any CPU.Build.0 = Release|Any CPU
	EndGlobalSection
EndGlobal
